PODS:
  - Flutter (1.0.0)
  - ricoh_theta_plugin (0.0.1):
    - Flutter

DEPENDENCIES:
  - Flutter (from `.symlinks/flutter/ios`)
  - ricoh_theta_plugin (from `.symlinks/plugins/ricoh_theta_plugin/ios`)

EXTERNAL SOURCES:
  Flutter:
    :path: ".symlinks/flutter/ios"
  ricoh_theta_plugin:
    :path: ".symlinks/plugins/ricoh_theta_plugin/ios"

SPEC CHECKSUMS:
  Flutter: 9d0fac939486c9aba2809b7982dfdbb47a7b0296
  ricoh_theta_plugin: d47e8bf8271b1b7fe62bc75064b892f39907abfb

PODFILE CHECKSUM: fe3e0dafa60602af4fd6484a076032f8746e2b1f

COCOAPODS: 1.5.3
